Microsoft Visual Studio Solution File, Format Version 12.00
# Visual Studio 2013
VisualStudioVersion = 12.0.31101.0
MinimumVisualStudioVersion = 10.0.40219.1
Project("{8BC9CEB8-8B4A-11D0-8D11-00A0C91BC942}") = "服务核心", "公共组件\服务核心\ServiceCore.vcxproj", "{B1320037-89DD-4F99-A628-69DC200DFA05}"
EndProject
Project("{8BC9CEB8-8B4A-11D0-8D11-00A0C91BC942}") = "进程控制", "公共组件\进程控制\ProcessControl.vcxproj", "{D4816EB8-590E-4EBC-9D61-2A77D0070FEE}"
EndProject
Project("{8BC9CEB8-8B4A-11D0-8D11-00A0C91BC942}") = "协调服务器", "服务器组件\协调服务器\Correspond.vcxproj", "{0167D883-34DA-47FC-A903-6BE341FD8DC5}"
EndProject
Project("{8BC9CEB8-8B4A-11D0-8D11-00A0C91BC942}") = "登录服务器", "服务器组件\登录服务器\LogonServer.vcxproj", "{CD826B8C-89BD-44AF-A1DE-0A91494CD763}"
EndProject
Project("{8BC9CEB8-8B4A-11D0-8D11-00A0C91BC942}") = "模块管理", "服务器组件\模块管理\ModuleManager.vcxproj", "{ED28DEC3-BBC7-43FA-998B-11DCFAA69CEF}"
EndProject
Project("{8BC9CEB8-8B4A-11D0-8D11-00A0C91BC942}") = "游戏服务", "服务器组件\游戏服务\GameService.vcxproj", "{07F0CF5A-4D5D-4DBB-A723-4DF612C3AB33}"
EndProject
Project("{8BC9CEB8-8B4A-11D0-8D11-00A0C91BC942}") = "游戏服务器", "服务器组件\游戏服务器\GameServer.vcxproj", "{267C213B-3F02-4627-8734-E361A61C83F9}"
EndProject
Project("{8BC9CEB8-8B4A-11D0-8D11-00A0C91BC942}") = "界面控件", "客户端组件\界面控件\SkinControl.vcxproj", "{10AC72C9-82A7-4C08-8FF2-27730D76518D}"
EndProject
Project("{8BC9CEB8-8B4A-11D0-8D11-00A0C91BC942}") = "图像控件", "客户端组件\图像控件\WHImage.vcxproj", "{A8E64F0B-3137-4993-A512-22CC787F7627}"
EndProject
Project("{8BC9CEB8-8B4A-11D0-8D11-00A0C91BC942}") = "下载组件", "客户端组件\下载组件\DownLoad.vcxproj", "{44CBB750-E895-4BDB-8A7A-5B8F009AABDE}"
EndProject
Project("{8BC9CEB8-8B4A-11D0-8D11-00A0C91BC942}") = "形象组件", "客户端组件\形象组件\AvatarControl.vcxproj", "{6D2C97FD-5E1A-4489-90F8-EA0BC53486E0}"
EndProject
Project("{8BC9CEB8-8B4A-11D0-8D11-00A0C91BC942}") = "游戏控件", "客户端组件\游戏控件\ShareControl.vcxproj", "{AC6A2927-5746-4A84-9E30-DFFE0722833B}"
EndProject
Project("{8BC9CEB8-8B4A-11D0-8D11-00A0C91BC942}") = "用户服务", "客户端组件\用户服务\UserService.vcxproj", "{E8BB4ED2-44D1-4541-A6B4-C05C201FB856}"
EndProject
Project("{8BC9CEB8-8B4A-11D0-8D11-00A0C91BC942}") = "平台数据", "客户端组件\平台数据\PlatformData.vcxproj", "{CC596332-197E-407B-95F3-CB817470ED84}"
EndProject
Project("{8BC9CEB8-8B4A-11D0-8D11-00A0C91BC942}") = "游戏广场", "客户端组件\游戏广场\GamePlaza.vcxproj", "{3E5290EE-EC1B-4591-BB6F-B453BB65F471}"
EndProject
Project("{8BC9CEB8-8B4A-11D0-8D11-00A0C91BC942}") = "游戏框架", "客户端组件\游戏框架\GameFrame.vcxproj", "{EF2F0AF7-DC00-454B-9EC7-CC7887AA0137}"
	ProjectSection(ProjectDependencies) = postProject
		{CB6FB074-BCFB-454F-8BBF-3ECB6B0878FF} = {CB6FB074-BCFB-454F-8BBF-3ECB6B0878FF}
	EndProjectSection
EndProject
Project("{8BC9CEB8-8B4A-11D0-8D11-00A0C91BC942}") = "游戏道具", "客户端组件\游戏道具\GameProperty.vcxproj", "{4A3E5E93-A227-426F-8E6F-F588B9CA87B5}"
EndProject
Project("{8BC9CEB8-8B4A-11D0-8D11-00A0C91BC942}") = "视频组件", "客户端组件\视频组件\VideoService.vcxproj", "{C2D6B50F-273E-4437-AE5C-9F0E4FD962B0}"
EndProject
Project("{8BC9CEB8-8B4A-11D0-8D11-00A0C91BC942}") = "比赛服务", "服务器组件\比赛服务\GameMatchServer.vcxproj", "{CA071FF5-97BF-42C3-99AF-FE8F8A0F0AF2}"
EndProject
Project("{8BC9CEB8-8B4A-11D0-8D11-00A0C91BC942}") = "内核引擎", "服务器组件\内核引擎\KernelEngine.vcxproj", "{F5D6B929-08E3-43DA-9F39-941A859B3FD8}"
EndProject
Project("{8BC9CEB8-8B4A-11D0-8D11-00A0C91BC942}") = "网络服务", "客户端组件\网络服务\WHSocket.vcxproj", "{487AE71A-160E-49E0-A1EF-6D115F6B8A3F}"
EndProject
Project("{8BC9CEB8-8B4A-11D0-8D11-00A0C91BC942}") = "游戏引擎", "客户端组件\游戏引擎\GameEngine.vcxproj", "{CB6FB074-BCFB-454F-8BBF-3ECB6B0878FF}"
EndProject
Global
	GlobalSection(SolutionConfigurationPlatforms) = preSolution
		Debug_Unicode|Win32 = Debug_Unicode|Win32
		Debug|Win32 = Debug|Win32
		Release_Manager|Win32 = Release_Manager|Win32
		Release_Unicode|Win32 = Release_Unicode|Win32
		Release|Win32 = Release|Win32
		Template|Win32 = Template|Win32
	EndGlobalSection
	GlobalSection(ProjectConfigurationPlatforms) = postSolution
		{B1320037-89DD-4F99-A628-69DC200DFA05}.Debug_Unicode|Win32.ActiveCfg = Debug_Unicode|Win32
		{B1320037-89DD-4F99-A628-69DC200DFA05}.Debug_Unicode|Win32.Build.0 = Debug_Unicode|Win32
		{B1320037-89DD-4F99-A628-69DC200DFA05}.Debug|Win32.ActiveCfg = Debug|Win32
		{B1320037-89DD-4F99-A628-69DC200DFA05}.Debug|Win32.Build.0 = Debug|Win32
		{B1320037-89DD-4F99-A628-69DC200DFA05}.Release_Manager|Win32.ActiveCfg = Release_Unicode|Win32
		{B1320037-89DD-4F99-A628-69DC200DFA05}.Release_Manager|Win32.Build.0 = Release_Unicode|Win32
		{B1320037-89DD-4F99-A628-69DC200DFA05}.Release_Unicode|Win32.ActiveCfg = Release_Unicode|Win32
		{B1320037-89DD-4F99-A628-69DC200DFA05}.Release_Unicode|Win32.Build.0 = Release_Unicode|Win32
		{B1320037-89DD-4F99-A628-69DC200DFA05}.Release|Win32.ActiveCfg = Release|Win32
		{B1320037-89DD-4F99-A628-69DC200DFA05}.Release|Win32.Build.0 = Release|Win32
		{B1320037-89DD-4F99-A628-69DC200DFA05}.Template|Win32.ActiveCfg = Release|Win32
		{B1320037-89DD-4F99-A628-69DC200DFA05}.Template|Win32.Build.0 = Release|Win32
		{D4816EB8-590E-4EBC-9D61-2A77D0070FEE}.Debug_Unicode|Win32.ActiveCfg = Debug_Unicode|Win32
		{D4816EB8-590E-4EBC-9D61-2A77D0070FEE}.Debug_Unicode|Win32.Build.0 = Debug_Unicode|Win32
		{D4816EB8-590E-4EBC-9D61-2A77D0070FEE}.Debug|Win32.ActiveCfg = Debug|Win32
		{D4816EB8-590E-4EBC-9D61-2A77D0070FEE}.Debug|Win32.Build.0 = Debug|Win32
		{D4816EB8-590E-4EBC-9D61-2A77D0070FEE}.Release_Manager|Win32.ActiveCfg = Release_Unicode|Win32
		{D4816EB8-590E-4EBC-9D61-2A77D0070FEE}.Release_Manager|Win32.Build.0 = Release_Unicode|Win32
		{D4816EB8-590E-4EBC-9D61-2A77D0070FEE}.Release_Unicode|Win32.ActiveCfg = Release_Unicode|Win32
		{D4816EB8-590E-4EBC-9D61-2A77D0070FEE}.Release_Unicode|Win32.Build.0 = Release_Unicode|Win32
		{D4816EB8-590E-4EBC-9D61-2A77D0070FEE}.Release|Win32.ActiveCfg = Release|Win32
		{D4816EB8-590E-4EBC-9D61-2A77D0070FEE}.Release|Win32.Build.0 = Release|Win32
		{D4816EB8-590E-4EBC-9D61-2A77D0070FEE}.Template|Win32.ActiveCfg = Release|Win32
		{D4816EB8-590E-4EBC-9D61-2A77D0070FEE}.Template|Win32.Build.0 = Release|Win32
		{0167D883-34DA-47FC-A903-6BE341FD8DC5}.Debug_Unicode|Win32.ActiveCfg = Debug_Unicode|Win32
		{0167D883-34DA-47FC-A903-6BE341FD8DC5}.Debug_Unicode|Win32.Build.0 = Debug_Unicode|Win32
		{0167D883-34DA-47FC-A903-6BE341FD8DC5}.Debug|Win32.ActiveCfg = Debug|Win32
		{0167D883-34DA-47FC-A903-6BE341FD8DC5}.Debug|Win32.Build.0 = Debug|Win32
		{0167D883-34DA-47FC-A903-6BE341FD8DC5}.Release_Manager|Win32.ActiveCfg = Release_Unicode|Win32
		{0167D883-34DA-47FC-A903-6BE341FD8DC5}.Release_Manager|Win32.Build.0 = Release_Unicode|Win32
		{0167D883-34DA-47FC-A903-6BE341FD8DC5}.Release_Unicode|Win32.ActiveCfg = Release_Unicode|Win32
		{0167D883-34DA-47FC-A903-6BE341FD8DC5}.Release_Unicode|Win32.Build.0 = Release_Unicode|Win32
		{0167D883-34DA-47FC-A903-6BE341FD8DC5}.Release|Win32.ActiveCfg = Release|Win32
		{0167D883-34DA-47FC-A903-6BE341FD8DC5}.Release|Win32.Build.0 = Release|Win32
		{0167D883-34DA-47FC-A903-6BE341FD8DC5}.Template|Win32.ActiveCfg = Release|Win32
		{0167D883-34DA-47FC-A903-6BE341FD8DC5}.Template|Win32.Build.0 = Release|Win32
		{CD826B8C-89BD-44AF-A1DE-0A91494CD763}.Debug_Unicode|Win32.ActiveCfg = Debug_Unicode|Win32
		{CD826B8C-89BD-44AF-A1DE-0A91494CD763}.Debug_Unicode|Win32.Build.0 = Debug_Unicode|Win32
		{CD826B8C-89BD-44AF-A1DE-0A91494CD763}.Debug|Win32.ActiveCfg = Debug|Win32
		{CD826B8C-89BD-44AF-A1DE-0A91494CD763}.Debug|Win32.Build.0 = Debug|Win32
		{CD826B8C-89BD-44AF-A1DE-0A91494CD763}.Release_Manager|Win32.ActiveCfg = Release_Unicode|Win32
		{CD826B8C-89BD-44AF-A1DE-0A91494CD763}.Release_Manager|Win32.Build.0 = Release_Unicode|Win32
		{CD826B8C-89BD-44AF-A1DE-0A91494CD763}.Release_Unicode|Win32.ActiveCfg = Release_Unicode|Win32
		{CD826B8C-89BD-44AF-A1DE-0A91494CD763}.Release_Unicode|Win32.Build.0 = Release_Unicode|Win32
		{CD826B8C-89BD-44AF-A1DE-0A91494CD763}.Release|Win32.ActiveCfg = Release|Win32
		{CD826B8C-89BD-44AF-A1DE-0A91494CD763}.Release|Win32.Build.0 = Release|Win32
		{CD826B8C-89BD-44AF-A1DE-0A91494CD763}.Template|Win32.ActiveCfg = Release|Win32
		{CD826B8C-89BD-44AF-A1DE-0A91494CD763}.Template|Win32.Build.0 = Release|Win32
		{ED28DEC3-BBC7-43FA-998B-11DCFAA69CEF}.Debug_Unicode|Win32.ActiveCfg = Debug_Unicode|Win32
		{ED28DEC3-BBC7-43FA-998B-11DCFAA69CEF}.Debug_Unicode|Win32.Build.0 = Debug_Unicode|Win32
		{ED28DEC3-BBC7-43FA-998B-11DCFAA69CEF}.Debug|Win32.ActiveCfg = Debug|Win32
		{ED28DEC3-BBC7-43FA-998B-11DCFAA69CEF}.Debug|Win32.Build.0 = Debug|Win32
		{ED28DEC3-BBC7-43FA-998B-11DCFAA69CEF}.Release_Manager|Win32.ActiveCfg = Release_Unicode|Win32
		{ED28DEC3-BBC7-43FA-998B-11DCFAA69CEF}.Release_Manager|Win32.Build.0 = Release_Unicode|Win32
		{ED28DEC3-BBC7-43FA-998B-11DCFAA69CEF}.Release_Unicode|Win32.ActiveCfg = Release_Unicode|Win32
		{ED28DEC3-BBC7-43FA-998B-11DCFAA69CEF}.Release_Unicode|Win32.Build.0 = Release_Unicode|Win32
		{ED28DEC3-BBC7-43FA-998B-11DCFAA69CEF}.Release|Win32.ActiveCfg = Release|Win32
		{ED28DEC3-BBC7-43FA-998B-11DCFAA69CEF}.Release|Win32.Build.0 = Release|Win32
		{ED28DEC3-BBC7-43FA-998B-11DCFAA69CEF}.Template|Win32.ActiveCfg = Release|Win32
		{ED28DEC3-BBC7-43FA-998B-11DCFAA69CEF}.Template|Win32.Build.0 = Release|Win32
		{07F0CF5A-4D5D-4DBB-A723-4DF612C3AB33}.Debug_Unicode|Win32.ActiveCfg = Debug_Unicode|Win32
		{07F0CF5A-4D5D-4DBB-A723-4DF612C3AB33}.Debug_Unicode|Win32.Build.0 = Debug_Unicode|Win32
		{07F0CF5A-4D5D-4DBB-A723-4DF612C3AB33}.Debug|Win32.ActiveCfg = Debug|Win32
		{07F0CF5A-4D5D-4DBB-A723-4DF612C3AB33}.Debug|Win32.Build.0 = Debug|Win32
		{07F0CF5A-4D5D-4DBB-A723-4DF612C3AB33}.Release_Manager|Win32.ActiveCfg = Release_Unicode|Win32
		{07F0CF5A-4D5D-4DBB-A723-4DF612C3AB33}.Release_Manager|Win32.Build.0 = Release_Unicode|Win32
		{07F0CF5A-4D5D-4DBB-A723-4DF612C3AB33}.Release_Unicode|Win32.ActiveCfg = Release_Unicode|Win32
		{07F0CF5A-4D5D-4DBB-A723-4DF612C3AB33}.Release_Unicode|Win32.Build.0 = Release_Unicode|Win32
		{07F0CF5A-4D5D-4DBB-A723-4DF612C3AB33}.Release|Win32.ActiveCfg = Release|Win32
		{07F0CF5A-4D5D-4DBB-A723-4DF612C3AB33}.Release|Win32.Build.0 = Release|Win32
		{07F0CF5A-4D5D-4DBB-A723-4DF612C3AB33}.Template|Win32.ActiveCfg = Release|Win32
		{07F0CF5A-4D5D-4DBB-A723-4DF612C3AB33}.Template|Win32.Build.0 = Release|Win32
		{267C213B-3F02-4627-8734-E361A61C83F9}.Debug_Unicode|Win32.ActiveCfg = Debug_Unicode|Win32
		{267C213B-3F02-4627-8734-E361A61C83F9}.Debug_Unicode|Win32.Build.0 = Debug_Unicode|Win32
		{267C213B-3F02-4627-8734-E361A61C83F9}.Debug|Win32.ActiveCfg = Debug|Win32
		{267C213B-3F02-4627-8734-E361A61C83F9}.Debug|Win32.Build.0 = Debug|Win32
		{267C213B-3F02-4627-8734-E361A61C83F9}.Release_Manager|Win32.ActiveCfg = Release_Unicode|Win32
		{267C213B-3F02-4627-8734-E361A61C83F9}.Release_Manager|Win32.Build.0 = Release_Unicode|Win32
		{267C213B-3F02-4627-8734-E361A61C83F9}.Release_Unicode|Win32.ActiveCfg = Release_Unicode|Win32
		{267C213B-3F02-4627-8734-E361A61C83F9}.Release_Unicode|Win32.Build.0 = Release_Unicode|Win32
		{267C213B-3F02-4627-8734-E361A61C83F9}.Release|Win32.ActiveCfg = Release|Win32
		{267C213B-3F02-4627-8734-E361A61C83F9}.Release|Win32.Build.0 = Release|Win32
		{267C213B-3F02-4627-8734-E361A61C83F9}.Template|Win32.ActiveCfg = Release|Win32
		{267C213B-3F02-4627-8734-E361A61C83F9}.Template|Win32.Build.0 = Release|Win32
		{10AC72C9-82A7-4C08-8FF2-27730D76518D}.Debug_Unicode|Win32.ActiveCfg = Debug_Unicode|Win32
		{10AC72C9-82A7-4C08-8FF2-27730D76518D}.Debug_Unicode|Win32.Build.0 = Debug_Unicode|Win32
		{10AC72C9-82A7-4C08-8FF2-27730D76518D}.Debug|Win32.ActiveCfg = Debug|Win32
		{10AC72C9-82A7-4C08-8FF2-27730D76518D}.Debug|Win32.Build.0 = Debug|Win32
		{10AC72C9-82A7-4C08-8FF2-27730D76518D}.Release_Manager|Win32.ActiveCfg = Release_Unicode|Win32
		{10AC72C9-82A7-4C08-8FF2-27730D76518D}.Release_Manager|Win32.Build.0 = Release_Unicode|Win32
		{10AC72C9-82A7-4C08-8FF2-27730D76518D}.Release_Unicode|Win32.ActiveCfg = Release_Unicode|Win32
		{10AC72C9-82A7-4C08-8FF2-27730D76518D}.Release_Unicode|Win32.Build.0 = Release_Unicode|Win32
		{10AC72C9-82A7-4C08-8FF2-27730D76518D}.Release|Win32.ActiveCfg = Release|Win32
		{10AC72C9-82A7-4C08-8FF2-27730D76518D}.Release|Win32.Build.0 = Release|Win32
		{10AC72C9-82A7-4C08-8FF2-27730D76518D}.Template|Win32.ActiveCfg = Release|Win32
		{10AC72C9-82A7-4C08-8FF2-27730D76518D}.Template|Win32.Build.0 = Release|Win32
		{A8E64F0B-3137-4993-A512-22CC787F7627}.Debug_Unicode|Win32.ActiveCfg = Debug_Unicode|Win32
		{A8E64F0B-3137-4993-A512-22CC787F7627}.Debug_Unicode|Win32.Build.0 = Debug_Unicode|Win32
		{A8E64F0B-3137-4993-A512-22CC787F7627}.Debug|Win32.ActiveCfg = Debug|Win32
		{A8E64F0B-3137-4993-A512-22CC787F7627}.Debug|Win32.Build.0 = Debug|Win32
		{A8E64F0B-3137-4993-A512-22CC787F7627}.Release_Manager|Win32.ActiveCfg = Release_Unicode|Win32
		{A8E64F0B-3137-4993-A512-22CC787F7627}.Release_Manager|Win32.Build.0 = Release_Unicode|Win32
		{A8E64F0B-3137-4993-A512-22CC787F7627}.Release_Unicode|Win32.ActiveCfg = Release_Unicode|Win32
		{A8E64F0B-3137-4993-A512-22CC787F7627}.Release_Unicode|Win32.Build.0 = Release_Unicode|Win32
		{A8E64F0B-3137-4993-A512-22CC787F7627}.Release|Win32.ActiveCfg = Release|Win32
		{A8E64F0B-3137-4993-A512-22CC787F7627}.Release|Win32.Build.0 = Release|Win32
		{A8E64F0B-3137-4993-A512-22CC787F7627}.Template|Win32.ActiveCfg = Release|Win32
		{A8E64F0B-3137-4993-A512-22CC787F7627}.Template|Win32.Build.0 = Release|Win32
		{44CBB750-E895-4BDB-8A7A-5B8F009AABDE}.Debug_Unicode|Win32.ActiveCfg = Debug_Unicode|Win32
		{44CBB750-E895-4BDB-8A7A-5B8F009AABDE}.Debug_Unicode|Win32.Build.0 = Debug_Unicode|Win32
		{44CBB750-E895-4BDB-8A7A-5B8F009AABDE}.Debug|Win32.ActiveCfg = Debug|Win32
		{44CBB750-E895-4BDB-8A7A-5B8F009AABDE}.Debug|Win32.Build.0 = Debug|Win32
		{44CBB750-E895-4BDB-8A7A-5B8F009AABDE}.Release_Manager|Win32.ActiveCfg = Release_Unicode|Win32
		{44CBB750-E895-4BDB-8A7A-5B8F009AABDE}.Release_Manager|Win32.Build.0 = Release_Unicode|Win32
		{44CBB750-E895-4BDB-8A7A-5B8F009AABDE}.Release_Unicode|Win32.ActiveCfg = Release_Unicode|Win32
		{44CBB750-E895-4BDB-8A7A-5B8F009AABDE}.Release_Unicode|Win32.Build.0 = Release_Unicode|Win32
		{44CBB750-E895-4BDB-8A7A-5B8F009AABDE}.Release|Win32.ActiveCfg = Release|Win32
		{44CBB750-E895-4BDB-8A7A-5B8F009AABDE}.Release|Win32.Build.0 = Release|Win32
		{44CBB750-E895-4BDB-8A7A-5B8F009AABDE}.Template|Win32.ActiveCfg = Release|Win32
		{44CBB750-E895-4BDB-8A7A-5B8F009AABDE}.Template|Win32.Build.0 = Release|Win32
		{6D2C97FD-5E1A-4489-90F8-EA0BC53486E0}.Debug_Unicode|Win32.ActiveCfg = Debug_Unicode|Win32
		{6D2C97FD-5E1A-4489-90F8-EA0BC53486E0}.Debug_Unicode|Win32.Build.0 = Debug_Unicode|Win32
		{6D2C97FD-5E1A-4489-90F8-EA0BC53486E0}.Debug|Win32.ActiveCfg = Debug|Win32
		{6D2C97FD-5E1A-4489-90F8-EA0BC53486E0}.Debug|Win32.Build.0 = Debug|Win32
		{6D2C97FD-5E1A-4489-90F8-EA0BC53486E0}.Release_Manager|Win32.ActiveCfg = Release_Unicode|Win32
		{6D2C97FD-5E1A-4489-90F8-EA0BC53486E0}.Release_Manager|Win32.Build.0 = Release_Unicode|Win32
		{6D2C97FD-5E1A-4489-90F8-EA0BC53486E0}.Release_Unicode|Win32.ActiveCfg = Release_Unicode|Win32
		{6D2C97FD-5E1A-4489-90F8-EA0BC53486E0}.Release_Unicode|Win32.Build.0 = Release_Unicode|Win32
		{6D2C97FD-5E1A-4489-90F8-EA0BC53486E0}.Release|Win32.ActiveCfg = Release|Win32
		{6D2C97FD-5E1A-4489-90F8-EA0BC53486E0}.Release|Win32.Build.0 = Release|Win32
		{6D2C97FD-5E1A-4489-90F8-EA0BC53486E0}.Template|Win32.ActiveCfg = Release|Win32
		{6D2C97FD-5E1A-4489-90F8-EA0BC53486E0}.Template|Win32.Build.0 = Release|Win32
		{AC6A2927-5746-4A84-9E30-DFFE0722833B}.Debug_Unicode|Win32.ActiveCfg = Debug_Unicode|Win32
		{AC6A2927-5746-4A84-9E30-DFFE0722833B}.Debug_Unicode|Win32.Build.0 = Debug_Unicode|Win32
		{AC6A2927-5746-4A84-9E30-DFFE0722833B}.Debug|Win32.ActiveCfg = Debug|Win32
		{AC6A2927-5746-4A84-9E30-DFFE0722833B}.Debug|Win32.Build.0 = Debug|Win32
		{AC6A2927-5746-4A84-9E30-DFFE0722833B}.Release_Manager|Win32.ActiveCfg = Release_Unicode|Win32
		{AC6A2927-5746-4A84-9E30-DFFE0722833B}.Release_Manager|Win32.Build.0 = Release_Unicode|Win32
		{AC6A2927-5746-4A84-9E30-DFFE0722833B}.Release_Unicode|Win32.ActiveCfg = Release_Unicode|Win32
		{AC6A2927-5746-4A84-9E30-DFFE0722833B}.Release_Unicode|Win32.Build.0 = Release_Unicode|Win32
		{AC6A2927-5746-4A84-9E30-DFFE0722833B}.Release|Win32.ActiveCfg = Release|Win32
		{AC6A2927-5746-4A84-9E30-DFFE0722833B}.Release|Win32.Build.0 = Release|Win32
		{AC6A2927-5746-4A84-9E30-DFFE0722833B}.Template|Win32.ActiveCfg = Release|Win32
		{AC6A2927-5746-4A84-9E30-DFFE0722833B}.Template|Win32.Build.0 = Release|Win32
		{E8BB4ED2-44D1-4541-A6B4-C05C201FB856}.Debug_Unicode|Win32.ActiveCfg = Debug_Unicode|Win32
		{E8BB4ED2-44D1-4541-A6B4-C05C201FB856}.Debug_Unicode|Win32.Build.0 = Debug_Unicode|Win32
		{E8BB4ED2-44D1-4541-A6B4-C05C201FB856}.Debug|Win32.ActiveCfg = Debug|Win32
		{E8BB4ED2-44D1-4541-A6B4-C05C201FB856}.Debug|Win32.Build.0 = Debug|Win32
		{E8BB4ED2-44D1-4541-A6B4-C05C201FB856}.Release_Manager|Win32.ActiveCfg = Release_Unicode|Win32
		{E8BB4ED2-44D1-4541-A6B4-C05C201FB856}.Release_Manager|Win32.Build.0 = Release_Unicode|Win32
		{E8BB4ED2-44D1-4541-A6B4-C05C201FB856}.Release_Unicode|Win32.ActiveCfg = Release_Unicode|Win32
		{E8BB4ED2-44D1-4541-A6B4-C05C201FB856}.Release_Unicode|Win32.Build.0 = Release_Unicode|Win32
		{E8BB4ED2-44D1-4541-A6B4-C05C201FB856}.Release|Win32.ActiveCfg = Release|Win32
		{E8BB4ED2-44D1-4541-A6B4-C05C201FB856}.Release|Win32.Build.0 = Release|Win32
		{E8BB4ED2-44D1-4541-A6B4-C05C201FB856}.Template|Win32.ActiveCfg = Release|Win32
		{E8BB4ED2-44D1-4541-A6B4-C05C201FB856}.Template|Win32.Build.0 = Release|Win32
		{CC596332-197E-407B-95F3-CB817470ED84}.Debug_Unicode|Win32.ActiveCfg = Debug_Unicode|Win32
		{CC596332-197E-407B-95F3-CB817470ED84}.Debug_Unicode|Win32.Build.0 = Debug_Unicode|Win32
		{CC596332-197E-407B-95F3-CB817470ED84}.Debug|Win32.ActiveCfg = Debug|Win32
		{CC596332-197E-407B-95F3-CB817470ED84}.Debug|Win32.Build.0 = Debug|Win32
		{CC596332-197E-407B-95F3-CB817470ED84}.Release_Manager|Win32.ActiveCfg = Release_Unicode|Win32
		{CC596332-197E-407B-95F3-CB817470ED84}.Release_Manager|Win32.Build.0 = Release_Unicode|Win32
		{CC596332-197E-407B-95F3-CB817470ED84}.Release_Unicode|Win32.ActiveCfg = Release_Unicode|Win32
		{CC596332-197E-407B-95F3-CB817470ED84}.Release_Unicode|Win32.Build.0 = Release_Unicode|Win32
		{CC596332-197E-407B-95F3-CB817470ED84}.Release|Win32.ActiveCfg = Release|Win32
		{CC596332-197E-407B-95F3-CB817470ED84}.Release|Win32.Build.0 = Release|Win32
		{CC596332-197E-407B-95F3-CB817470ED84}.Template|Win32.ActiveCfg = Release|Win32
		{CC596332-197E-407B-95F3-CB817470ED84}.Template|Win32.Build.0 = Release|Win32
		{3E5290EE-EC1B-4591-BB6F-B453BB65F471}.Debug_Unicode|Win32.ActiveCfg = Debug_Unicode|Win32
		{3E5290EE-EC1B-4591-BB6F-B453BB65F471}.Debug_Unicode|Win32.Build.0 = Debug_Unicode|Win32
		{3E5290EE-EC1B-4591-BB6F-B453BB65F471}.Debug|Win32.ActiveCfg = Debug|Win32
		{3E5290EE-EC1B-4591-BB6F-B453BB65F471}.Debug|Win32.Build.0 = Debug|Win32
		{3E5290EE-EC1B-4591-BB6F-B453BB65F471}.Release_Manager|Win32.ActiveCfg = Release_Manager|Win32
		{3E5290EE-EC1B-4591-BB6F-B453BB65F471}.Release_Manager|Win32.Build.0 = Release_Manager|Win32
		{3E5290EE-EC1B-4591-BB6F-B453BB65F471}.Release_Unicode|Win32.ActiveCfg = Release_Unicode|Win32
		{3E5290EE-EC1B-4591-BB6F-B453BB65F471}.Release_Unicode|Win32.Build.0 = Release_Unicode|Win32
		{3E5290EE-EC1B-4591-BB6F-B453BB65F471}.Release|Win32.ActiveCfg = Release|Win32
		{3E5290EE-EC1B-4591-BB6F-B453BB65F471}.Release|Win32.Build.0 = Release|Win32
		{3E5290EE-EC1B-4591-BB6F-B453BB65F471}.Template|Win32.ActiveCfg = Release|Win32
		{3E5290EE-EC1B-4591-BB6F-B453BB65F471}.Template|Win32.Build.0 = Release|Win32
		{EF2F0AF7-DC00-454B-9EC7-CC7887AA0137}.Debug_Unicode|Win32.ActiveCfg = Debug_Unicode|Win32
		{EF2F0AF7-DC00-454B-9EC7-CC7887AA0137}.Debug_Unicode|Win32.Build.0 = Debug_Unicode|Win32
		{EF2F0AF7-DC00-454B-9EC7-CC7887AA0137}.Debug|Win32.ActiveCfg = Debug|Win32
		{EF2F0AF7-DC00-454B-9EC7-CC7887AA0137}.Debug|Win32.Build.0 = Debug|Win32
		{EF2F0AF7-DC00-454B-9EC7-CC7887AA0137}.Release_Manager|Win32.ActiveCfg = Release_Unicode|Win32
		{EF2F0AF7-DC00-454B-9EC7-CC7887AA0137}.Release_Manager|Win32.Build.0 = Release_Unicode|Win32
		{EF2F0AF7-DC00-454B-9EC7-CC7887AA0137}.Release_Unicode|Win32.ActiveCfg = Release_Unicode|Win32
		{EF2F0AF7-DC00-454B-9EC7-CC7887AA0137}.Release_Unicode|Win32.Build.0 = Release_Unicode|Win32
		{EF2F0AF7-DC00-454B-9EC7-CC7887AA0137}.Release|Win32.ActiveCfg = Release|Win32
		{EF2F0AF7-DC00-454B-9EC7-CC7887AA0137}.Release|Win32.Build.0 = Release|Win32
		{EF2F0AF7-DC00-454B-9EC7-CC7887AA0137}.Template|Win32.ActiveCfg = Release|Win32
		{EF2F0AF7-DC00-454B-9EC7-CC7887AA0137}.Template|Win32.Build.0 = Release|Win32
		{4A3E5E93-A227-426F-8E6F-F588B9CA87B5}.Debug_Unicode|Win32.ActiveCfg = Debug_Unicode|Win32
		{4A3E5E93-A227-426F-8E6F-F588B9CA87B5}.Debug_Unicode|Win32.Build.0 = Debug_Unicode|Win32
		{4A3E5E93-A227-426F-8E6F-F588B9CA87B5}.Debug|Win32.ActiveCfg = Debug|Win32
		{4A3E5E93-A227-426F-8E6F-F588B9CA87B5}.Debug|Win32.Build.0 = Debug|Win32
		{4A3E5E93-A227-426F-8E6F-F588B9CA87B5}.Release_Manager|Win32.ActiveCfg = Release_Unicode|Win32
		{4A3E5E93-A227-426F-8E6F-F588B9CA87B5}.Release_Manager|Win32.Build.0 = Release_Unicode|Win32
		{4A3E5E93-A227-426F-8E6F-F588B9CA87B5}.Release_Unicode|Win32.ActiveCfg = Release_Unicode|Win32
		{4A3E5E93-A227-426F-8E6F-F588B9CA87B5}.Release_Unicode|Win32.Build.0 = Release_Unicode|Win32
		{4A3E5E93-A227-426F-8E6F-F588B9CA87B5}.Release|Win32.ActiveCfg = Release|Win32
		{4A3E5E93-A227-426F-8E6F-F588B9CA87B5}.Release|Win32.Build.0 = Release|Win32
		{4A3E5E93-A227-426F-8E6F-F588B9CA87B5}.Template|Win32.ActiveCfg = Release|Win32
		{4A3E5E93-A227-426F-8E6F-F588B9CA87B5}.Template|Win32.Build.0 = Release|Win32
		{C2D6B50F-273E-4437-AE5C-9F0E4FD962B0}.Debug_Unicode|Win32.ActiveCfg = Debug_Unicode|Win32
		{C2D6B50F-273E-4437-AE5C-9F0E4FD962B0}.Debug_Unicode|Win32.Build.0 = Debug_Unicode|Win32
		{C2D6B50F-273E-4437-AE5C-9F0E4FD962B0}.Debug|Win32.ActiveCfg = Debug|Win32
		{C2D6B50F-273E-4437-AE5C-9F0E4FD962B0}.Debug|Win32.Build.0 = Debug|Win32
		{C2D6B50F-273E-4437-AE5C-9F0E4FD962B0}.Release_Manager|Win32.ActiveCfg = Release_Unicode|Win32
		{C2D6B50F-273E-4437-AE5C-9F0E4FD962B0}.Release_Manager|Win32.Build.0 = Release_Unicode|Win32
		{C2D6B50F-273E-4437-AE5C-9F0E4FD962B0}.Release_Unicode|Win32.ActiveCfg = Release_Unicode|Win32
		{C2D6B50F-273E-4437-AE5C-9F0E4FD962B0}.Release_Unicode|Win32.Build.0 = Release_Unicode|Win32
		{C2D6B50F-273E-4437-AE5C-9F0E4FD962B0}.Release|Win32.ActiveCfg = Release|Win32
		{C2D6B50F-273E-4437-AE5C-9F0E4FD962B0}.Release|Win32.Build.0 = Release|Win32
		{C2D6B50F-273E-4437-AE5C-9F0E4FD962B0}.Template|Win32.ActiveCfg = Release|Win32
		{C2D6B50F-273E-4437-AE5C-9F0E4FD962B0}.Template|Win32.Build.0 = Release|Win32
		{CA071FF5-97BF-42C3-99AF-FE8F8A0F0AF2}.Debug_Unicode|Win32.ActiveCfg = Debug_Unicode|Win32
		{CA071FF5-97BF-42C3-99AF-FE8F8A0F0AF2}.Debug_Unicode|Win32.Build.0 = Debug_Unicode|Win32
		{CA071FF5-97BF-42C3-99AF-FE8F8A0F0AF2}.Debug|Win32.ActiveCfg = Debug|Win32
		{CA071FF5-97BF-42C3-99AF-FE8F8A0F0AF2}.Debug|Win32.Build.0 = Debug|Win32
		{CA071FF5-97BF-42C3-99AF-FE8F8A0F0AF2}.Release_Manager|Win32.ActiveCfg = Release_Unicode|Win32
		{CA071FF5-97BF-42C3-99AF-FE8F8A0F0AF2}.Release_Manager|Win32.Build.0 = Release_Unicode|Win32
		{CA071FF5-97BF-42C3-99AF-FE8F8A0F0AF2}.Release_Unicode|Win32.ActiveCfg = Release_Unicode|Win32
		{CA071FF5-97BF-42C3-99AF-FE8F8A0F0AF2}.Release_Unicode|Win32.Build.0 = Release_Unicode|Win32
		{CA071FF5-97BF-42C3-99AF-FE8F8A0F0AF2}.Release|Win32.ActiveCfg = Release|Win32
		{CA071FF5-97BF-42C3-99AF-FE8F8A0F0AF2}.Release|Win32.Build.0 = Release|Win32
		{CA071FF5-97BF-42C3-99AF-FE8F8A0F0AF2}.Template|Win32.ActiveCfg = Release|Win32
		{CA071FF5-97BF-42C3-99AF-FE8F8A0F0AF2}.Template|Win32.Build.0 = Release|Win32
		{F5D6B929-08E3-43DA-9F39-941A859B3FD8}.Debug_Unicode|Win32.ActiveCfg = Debug_Unicode|Win32
		{F5D6B929-08E3-43DA-9F39-941A859B3FD8}.Debug_Unicode|Win32.Build.0 = Debug_Unicode|Win32
		{F5D6B929-08E3-43DA-9F39-941A859B3FD8}.Debug|Win32.ActiveCfg = Debug|Win32
		{F5D6B929-08E3-43DA-9F39-941A859B3FD8}.Debug|Win32.Build.0 = Debug|Win32
		{F5D6B929-08E3-43DA-9F39-941A859B3FD8}.Release_Manager|Win32.ActiveCfg = Release_Unicode|Win32
		{F5D6B929-08E3-43DA-9F39-941A859B3FD8}.Release_Manager|Win32.Build.0 = Release_Unicode|Win32
		{F5D6B929-08E3-43DA-9F39-941A859B3FD8}.Release_Unicode|Win32.ActiveCfg = Release_Unicode|Win32
		{F5D6B929-08E3-43DA-9F39-941A859B3FD8}.Release_Unicode|Win32.Build.0 = Release_Unicode|Win32
		{F5D6B929-08E3-43DA-9F39-941A859B3FD8}.Release|Win32.ActiveCfg = Release|Win32
		{F5D6B929-08E3-43DA-9F39-941A859B3FD8}.Release|Win32.Build.0 = Release|Win32
		{F5D6B929-08E3-43DA-9F39-941A859B3FD8}.Template|Win32.ActiveCfg = Release|Win32
		{F5D6B929-08E3-43DA-9F39-941A859B3FD8}.Template|Win32.Build.0 = Release|Win32
		{487AE71A-160E-49E0-A1EF-6D115F6B8A3F}.Debug_Unicode|Win32.ActiveCfg = Debug_Unicode|Win32
		{487AE71A-160E-49E0-A1EF-6D115F6B8A3F}.Debug_Unicode|Win32.Build.0 = Debug_Unicode|Win32
		{487AE71A-160E-49E0-A1EF-6D115F6B8A3F}.Debug|Win32.ActiveCfg = Debug|Win32
		{487AE71A-160E-49E0-A1EF-6D115F6B8A3F}.Debug|Win32.Build.0 = Debug|Win32
		{487AE71A-160E-49E0-A1EF-6D115F6B8A3F}.Release_Manager|Win32.ActiveCfg = Release_Unicode|Win32
		{487AE71A-160E-49E0-A1EF-6D115F6B8A3F}.Release_Manager|Win32.Build.0 = Release_Unicode|Win32
		{487AE71A-160E-49E0-A1EF-6D115F6B8A3F}.Release_Unicode|Win32.ActiveCfg = Release_Unicode|Win32
		{487AE71A-160E-49E0-A1EF-6D115F6B8A3F}.Release_Unicode|Win32.Build.0 = Release_Unicode|Win32
		{487AE71A-160E-49E0-A1EF-6D115F6B8A3F}.Release|Win32.ActiveCfg = Release|Win32
		{487AE71A-160E-49E0-A1EF-6D115F6B8A3F}.Release|Win32.Build.0 = Release|Win32
		{487AE71A-160E-49E0-A1EF-6D115F6B8A3F}.Template|Win32.ActiveCfg = Release|Win32
		{487AE71A-160E-49E0-A1EF-6D115F6B8A3F}.Template|Win32.Build.0 = Release|Win32
		{CB6FB074-BCFB-454F-8BBF-3ECB6B0878FF}.Debug_Unicode|Win32.ActiveCfg = Debug_Unicode|Win32
		{CB6FB074-BCFB-454F-8BBF-3ECB6B0878FF}.Debug_Unicode|Win32.Build.0 = Debug_Unicode|Win32
		{CB6FB074-BCFB-454F-8BBF-3ECB6B0878FF}.Debug|Win32.ActiveCfg = Debug|Win32
		{CB6FB074-BCFB-454F-8BBF-3ECB6B0878FF}.Debug|Win32.Build.0 = Debug|Win32
		{CB6FB074-BCFB-454F-8BBF-3ECB6B0878FF}.Release_Manager|Win32.ActiveCfg = Release_Unicode|Win32
		{CB6FB074-BCFB-454F-8BBF-3ECB6B0878FF}.Release_Manager|Win32.Build.0 = Release_Unicode|Win32
		{CB6FB074-BCFB-454F-8BBF-3ECB6B0878FF}.Release_Unicode|Win32.ActiveCfg = Release_Unicode|Win32
		{CB6FB074-BCFB-454F-8BBF-3ECB6B0878FF}.Release_Unicode|Win32.Build.0 = Release_Unicode|Win32
		{CB6FB074-BCFB-454F-8BBF-3ECB6B0878FF}.Release|Win32.ActiveCfg = Release|Win32
		{CB6FB074-BCFB-454F-8BBF-3ECB6B0878FF}.Release|Win32.Build.0 = Release|Win32
		{CB6FB074-BCFB-454F-8BBF-3ECB6B0878FF}.Template|Win32.ActiveCfg = Template|Win32
		{CB6FB074-BCFB-454F-8BBF-3ECB6B0878FF}.Template|Win32.Build.0 = Template|Win32
	EndGlobalSection
	GlobalSection(SolutionProperties) = preSolution
		HideSolutionNode = FALSE
	EndGlobalSection
	GlobalSection(DPCodeReviewSolutionGUID) = preSolution
		DPCodeReviewSolutionGUID = {00000000-0000-0000-0000-000000000000}
	EndGlobalSection
EndGlobal
