<?xml version="1.0" encoding="utf-8"?>
<Project ToolsVersion="4.0" xmlns="http://schemas.microsoft.com/developer/msbuild/2003">
  <ItemGroup>
    <Filter Include="源文件">
      <UniqueIdentifier>{4FC737F1-C7A5-4376-A066-2A32D752A2FF}</UniqueIdentifier>
      <Extensions>cpp;c;cxx;def;odl;idl;hpj;bat;asm;asmx</Extensions>
    </Filter>
    <Filter Include="头文件">
      <UniqueIdentifier>{93995380-89BD-4b04-88EB-625FBE52EBFB}</UniqueIdentifier>
      <Extensions>h;hpp;hxx;hm;inl;inc;xsd</Extensions>
    </Filter>
    <Filter Include="资源文件">
      <UniqueIdentifier>{67DA6AB6-F800-4c08-8B7A-83BB121AAD01}</UniqueIdentifier>
      <Extensions>rc;ico;cur;bmp;dlg;rc2;rct;bin;rgs;gif;jpg;jpeg;jpe;resx</Extensions>
    </Filter>
  </ItemGroup>
  <ItemGroup>
    <ClCompile Include="DlgServerItem.cpp">
      <Filter>源文件</Filter>
    </ClCompile>
    <ClCompile Include="DlgServerWizard.cpp">
      <Filter>源文件</Filter>
    </ClCompile>
    <ClCompile Include="ListControl.cpp">
      <Filter>源文件</Filter>
    </ClCompile>
    <ClCompile Include="ModuleDBParameter.cpp">
      <Filter>源文件</Filter>
    </ClCompile>
    <ClCompile Include="ModuleInfoManager.cpp">
      <Filter>源文件</Filter>
    </ClCompile>
    <ClCompile Include="ModuleListControl.cpp">
      <Filter>源文件</Filter>
    </ClCompile>
    <ClCompile Include="ModuleManager.cpp">
      <Filter>源文件</Filter>
    </ClCompile>
    <ClCompile Include="ServerCustomRule.cpp">
      <Filter>源文件</Filter>
    </ClCompile>
    <ClCompile Include="ServerInfoManager.cpp">
      <Filter>源文件</Filter>
    </ClCompile>
    <ClCompile Include="ServerListControl.cpp">
      <Filter>源文件</Filter>
    </ClCompile>
    <ClCompile Include="Stdafx.cpp">
      <Filter>源文件</Filter>
    </ClCompile>
  </ItemGroup>
  <ItemGroup>
    <ClInclude Include="DlgServerItem.h">
      <Filter>头文件</Filter>
    </ClInclude>
    <ClInclude Include="DlgServerWizard.h">
      <Filter>头文件</Filter>
    </ClInclude>
    <ClInclude Include="ListControl.h">
      <Filter>头文件</Filter>
    </ClInclude>
    <ClInclude Include="ModuleDBParameter.h">
      <Filter>头文件</Filter>
    </ClInclude>
    <ClInclude Include="ModuleInfoManager.h">
      <Filter>头文件</Filter>
    </ClInclude>
    <ClInclude Include="ModuleListControl.h">
      <Filter>头文件</Filter>
    </ClInclude>
    <ClInclude Include="ModuleManagerHead.h">
      <Filter>头文件</Filter>
    </ClInclude>
    <ClInclude Include="Resource.h">
      <Filter>头文件</Filter>
    </ClInclude>
    <ClInclude Include="ServerCustomRule.h">
      <Filter>头文件</Filter>
    </ClInclude>
    <ClInclude Include="ServerInfoManager.h">
      <Filter>头文件</Filter>
    </ClInclude>
    <ClInclude Include="ServerListControl.h">
      <Filter>头文件</Filter>
    </ClInclude>
    <ClInclude Include="Stdafx.h">
      <Filter>头文件</Filter>
    </ClInclude>
  </ItemGroup>
  <ItemGroup>
    <ResourceCompile Include="ModuleManager.rc">
      <Filter>资源文件</Filter>
    </ResourceCompile>
  </ItemGroup>
  <ItemGroup>
    <None Include="res\ModuleManager.rc2">
      <Filter>资源文件</Filter>
    </None>
  </ItemGroup>
</Project>